// !$*UTF8*$!
{
	archiveVersion = 1;
	classes = {
	};
	objectVersion = 50;
	objects = {

/* Begin PBXBuildFile section */
		1836D337252AD9E700707F87 /* AppDelegate.swift in Sources */ = {isa = PBXBuildFile; fileRef = 1836D336252AD9E700707F87 /* AppDelegate.swift */; };
		1836D339252AD9E700707F87 /* SceneDelegate.swift in Sources */ = {isa = PBXBuildFile; fileRef = 1836D338252AD9E700707F87 /* SceneDelegate.swift */; };
		1836D33B252AD9E700707F87 /* ViewController.swift in Sources */ = {isa = PBXBuildFile; fileRef = 1836D33A252AD9E700707F87 /* ViewController.swift */; };
		1836D33E252AD9E700707F87 /* Main.storyboard in Resources */ = {isa = PBXBuildFile; fileRef = 1836D33C252AD9E700707F87 /* Main.storyboard */; };
		1836D341252AD9E700707F87 /* ios_playground.xcdatamodeld in Sources */ = {isa = PBXBuildFile; fileRef = 1836D33F252AD9E700707F87 /* ios_playground.xcdatamodeld */; };
		1836D343252AD9E800707F87 /* Assets.xcassets in Resources */ = {isa = PBXBuildFile; fileRef = 1836D342252AD9E800707F87 /* Assets.xcassets */; };
		1836D346252AD9E800707F87 /* LaunchScreen.storyboard in Resources */ = {isa = PBXBuildFile; fileRef = 1836D344252AD9E800707F87 /* LaunchScreen.storyboard */; };
		1836D351252AD9E900707F87 /* ios_playgroundTests.swift in Sources */ = {isa = PBXBuildFile; fileRef = 1836D350252AD9E900707F87 /* ios_playgroundTests.swift */; };
		1836D35C252AD9E900707F87 /* ios_playgroundUITests.swift in Sources */ = {isa = PBXBuildFile; fileRef = 1836D35B252AD9E900707F87 /* ios_playgroundUITests.swift */; };
		1836D36B252AE2F700707F87 /* GCD.swift in Sources */ = {isa = PBXBuildFile; fileRef = 1836D36A252AE2F700707F87 /* GCD.swift */; };
		1836D36E252B00CB00707F87 /* UIImage+Extension.swift in Sources */ = {isa = PBXBuildFile; fileRef = 1836D36D252B00CB00707F87 /* UIImage+Extension.swift */; };
		1836D370252B192800707F87 /* DispatchGroup.swift in Sources */ = {isa = PBXBuildFile; fileRef = 1836D36F252B192800707F87 /* DispatchGroup.swift */; };
		1836D374252C0F2500707F87 /* ServiceListViewController.swift in Sources */ = {isa = PBXBuildFile; fileRef = 1836D373252C0F2500707F87 /* ServiceListViewController.swift */; };
		1836D377252C193700707F87 /* SearchViewController.swift in Sources */ = {isa = PBXBuildFile; fileRef = 1836D376252C193700707F87 /* SearchViewController.swift */; };
		1836D37C252C39C500707F87 /* MypageViewController.swift in Sources */ = {isa = PBXBuildFile; fileRef = 1836D37A252C39C500707F87 /* MypageViewController.swift */; };
		1836D380252C3A6800707F87 /* RankingViewController.swift in Sources */ = {isa = PBXBuildFile; fileRef = 1836D37E252C3A6800707F87 /* RankingViewController.swift */; };
		1836D383252C3F1C00707F87 /* MypageViewController.storyboard in Resources */ = {isa = PBXBuildFile; fileRef = 1836D382252C3F1C00707F87 /* MypageViewController.storyboard */; };
		1836D385252C40DF00707F87 /* RankingViewController.storyboard in Resources */ = {isa = PBXBuildFile; fileRef = 1836D384252C40DF00707F87 /* RankingViewController.storyboard */; };
		1836D387252C467000707F87 /* MainTabBarController.swift in Sources */ = {isa = PBXBuildFile; fileRef = 1836D386252C467000707F87 /* MainTabBarController.swift */; };
		1836D389252C535E00707F87 /* RankingNavigationController.swift in Sources */ = {isa = PBXBuildFile; fileRef = 1836D388252C535E00707F87 /* RankingNavigationController.swift */; };
		1836D38C252C557A00707F87 /* MyPageNavigationController.swift in Sources */ = {isa = PBXBuildFile; fileRef = 1836D38B252C557A00707F87 /* MyPageNavigationController.swift */; };
		1836D391252C655300707F87 /* RankingTableViewCell.swift in Sources */ = {isa = PBXBuildFile; fileRef = 1836D38F252C655300707F87 /* RankingTableViewCell.swift */; };
		1836D392252C655300707F87 /* RankingTableViewCell.xib in Resources */ = {isa = PBXBuildFile; fileRef = 1836D390252C655300707F87 /* RankingTableViewCell.xib */; };
/* End PBXBuildFile section */

/* Begin PBXContainerItemProxy section */
		1836D34D252AD9E900707F87 /* PBXContainerItemProxy */ = {
			isa = PBXContainerItemProxy;
			containerPortal = 1836D32B252AD9E700707F87 /* Project object */;
			proxyType = 1;
			remoteGlobalIDString = 1836D332252AD9E700707F87;
			remoteInfo = "ios-playground";
		};
		1836D358252AD9E900707F87 /* PBXContainerItemProxy */ = {
			isa = PBXContainerItemProxy;
			containerPortal = 1836D32B252AD9E700707F87 /* Project object */;
			proxyType = 1;
			remoteGlobalIDString = 1836D332252AD9E700707F87;
			remoteInfo = "ios-playground";
		};
/* End PBXContainerItemProxy section */

/* Begin PBXFileReference section */
		1836D333252AD9E700707F87 /* ios-playground.app */ = {isa = PBXFileReference; explicitFileType = wrapper.application; includeInIndex = 0; path = "ios-playground.app"; sourceTree = BUILT_PRODUCTS_DIR; };
		1836D336252AD9E700707F87 /* AppDelegate.swift */ = {isa = PBXFileReference; lastKnownFileType = sourcecode.swift; path = AppDelegate.swift; sourceTree = "<group>"; };
		1836D338252AD9E700707F87 /* SceneDelegate.swift */ = {isa = PBXFileReference; lastKnownFileType = sourcecode.swift; path = SceneDelegate.swift; sourceTree = "<group>"; };
		1836D33A252AD9E700707F87 /* ViewController.swift */ = {isa = PBXFileReference; lastKnownFileType = sourcecode.swift; path = ViewController.swift; sourceTree = "<group>"; };
		1836D33D252AD9E700707F87 /* Base */ = {isa = PBXFileReference; lastKnownFileType = file.storyboard; name = Base; path = Base.lproj/Main.storyboard; sourceTree = "<group>"; };
		1836D340252AD9E700707F87 /* ios_playground.xcdatamodel */ = {isa = PBXFileReference; lastKnownFileType = wrapper.xcdatamodel; path = ios_playground.xcdatamodel; sourceTree = "<group>"; };
		1836D342252AD9E800707F87 /* Assets.xcassets */ = {isa = PBXFileReference; lastKnownFileType = folder.assetcatalog; path = Assets.xcassets; sourceTree = "<group>"; };
		1836D345252AD9E800707F87 /* Base */ = {isa = PBXFileReference; lastKnownFileType = file.storyboard; name = Base; path = Base.lproj/LaunchScreen.storyboard; sourceTree = "<group>"; };
		1836D347252AD9E800707F87 /* Info.plist */ = {isa = PBXFileReference; lastKnownFileType = text.plist.xml; path = Info.plist; sourceTree = "<group>"; };
		1836D34C252AD9E800707F87 /* ios-playgroundTests.xctest */ = {isa = PBXFileReference; explicitFileType = wrapper.cfbundle; includeInIndex = 0; path = "ios-playgroundTests.xctest"; sourceTree = BUILT_PRODUCTS_DIR; };
		1836D350252AD9E900707F87 /* ios_playgroundTests.swift */ = {isa = PBXFileReference; lastKnownFileType = sourcecode.swift; path = ios_playgroundTests.swift; sourceTree = "<group>"; };
		1836D352252AD9E900707F87 /* Info.plist */ = {isa = PBXFileReference; lastKnownFileType = text.plist.xml; path = Info.plist; sourceTree = "<group>"; };
		1836D357252AD9E900707F87 /* ios-playgroundUITests.xctest */ = {isa = PBXFileReference; explicitFileType = wrapper.cfbundle; includeInIndex = 0; path = "ios-playgroundUITests.xctest"; sourceTree = BUILT_PRODUCTS_DIR; };
		1836D35B252AD9E900707F87 /* ios_playgroundUITests.swift */ = {isa = PBXFileReference; lastKnownFileType = sourcecode.swift; path = ios_playgroundUITests.swift; sourceTree = "<group>"; };
		1836D35D252AD9E900707F87 /* Info.plist */ = {isa = PBXFileReference; lastKnownFileType = text.plist.xml; path = Info.plist; sourceTree = "<group>"; };
		1836D36A252AE2F700707F87 /* GCD.swift */ = {isa = PBXFileReference; lastKnownFileType = sourcecode.swift; path = GCD.swift; sourceTree = "<group>"; };
		1836D36D252B00CB00707F87 /* UIImage+Extension.swift */ = {isa = PBXFileReference; lastKnownFileType = sourcecode.swift; path = "UIImage+Extension.swift"; sourceTree = "<group>"; };
		1836D36F252B192800707F87 /* DispatchGroup.swift */ = {isa = PBXFileReference; lastKnownFileType = sourcecode.swift; path = DispatchGroup.swift; sourceTree = "<group>"; };
		1836D373252C0F2500707F87 /* ServiceListViewController.swift */ = {isa = PBXFileReference; lastKnownFileType = sourcecode.swift; path = ServiceListViewController.swift; sourceTree = "<group>"; };
		1836D376252C193700707F87 /* SearchViewController.swift */ = {isa = PBXFileReference; lastKnownFileType = sourcecode.swift; path = SearchViewController.swift; sourceTree = "<group>"; };
		1836D37A252C39C500707F87 /* MypageViewController.swift */ = {isa = PBXFileReference; lastKnownFileType = sourcecode.swift; path = MypageViewController.swift; sourceTree = "<group>"; };
		1836D37E252C3A6800707F87 /* RankingViewController.swift */ = {isa = PBXFileReference; lastKnownFileType = sourcecode.swift; path = RankingViewController.swift; sourceTree = "<group>"; };
		1836D382252C3F1C00707F87 /* MypageViewController.storyboard */ = {isa = PBXFileReference; lastKnownFileType = file.storyboard; path = MypageViewController.storyboard; sourceTree = "<group>"; };
		1836D384252C40DF00707F87 /* RankingViewController.storyboard */ = {isa = PBXFileReference; lastKnownFileType = file.storyboard; path = RankingViewController.storyboard; sourceTree = "<group>"; };
		1836D386252C467000707F87 /* MainTabBarController.swift */ = {isa = PBXFileReference; lastKnownFileType = sourcecode.swift; path = MainTabBarController.swift; sourceTree = "<group>"; };
		1836D388252C535E00707F87 /* RankingNavigationController.swift */ = {isa = PBXFileReference; lastKnownFileType = sourcecode.swift; path = RankingNavigationController.swift; sourceTree = "<group>"; };
		1836D38B252C557A00707F87 /* MyPageNavigationController.swift */ = {isa = PBXFileReference; lastKnownFileType = sourcecode.swift; path = MyPageNavigationController.swift; sourceTree = "<group>"; };
		1836D38F252C655300707F87 /* RankingTableViewCell.swift */ = {isa = PBXFileReference; lastKnownFileType = sourcecode.swift; path = RankingTableViewCell.swift; sourceTree = "<group>"; };
		1836D390252C655300707F87 /* RankingTableViewCell.xib */ = {isa = PBXFileReference; lastKnownFileType = file.xib; path = RankingTableViewCell.xib; sourceTree = "<group>"; };
/* End PBXFileReference section */

/* Begin PBXFrameworksBuildPhase section */
		1836D330252AD9E700707F87 /* Frameworks */ = {
			isa = PBXFrameworksBuildPhase;
			buildActionMask = 2147483647;
			files = (
			);
			runOnlyForDeploymentPostprocessing = 0;
		};
		1836D349252AD9E800707F87 /* Frameworks */ = {
			isa = PBXFrameworksBuildPhase;
			buildActionMask = 2147483647;
			files = (
			);
			runOnlyForDeploymentPostprocessing = 0;
		};
		1836D354252AD9E900707F87 /* Frameworks */ = {
			isa = PBXFrameworksBuildPhase;
			buildActionMask = 2147483647;
			files = (
			);
			runOnlyForDeploymentPostprocessing = 0;
		};
/* End PBXFrameworksBuildPhase section */

/* Begin PBXGroup section */
		1836D32A252AD9E700707F87 = {
			isa = PBXGroup;
			children = (
				1836D335252AD9E700707F87 /* ios-playground */,
				1836D34F252AD9E900707F87 /* ios-playgroundTests */,
				1836D35A252AD9E900707F87 /* ios-playgroundUITests */,
				1836D334252AD9E700707F87 /* Products */,
			);
			sourceTree = "<group>";
		};
		1836D334252AD9E700707F87 /* Products */ = {
			isa = PBXGroup;
			children = (
				1836D333252AD9E700707F87 /* ios-playground.app */,
				1836D34C252AD9E800707F87 /* ios-playgroundTests.xctest */,
				1836D357252AD9E900707F87 /* ios-playgroundUITests.xctest */,
			);
			name = Products;
			sourceTree = "<group>";
		};
		1836D335252AD9E700707F87 /* ios-playground */ = {
			isa = PBXGroup;
			children = (
				1836D371252C0EEE00707F87 /* Presentation */,
				1836D36C252B00BC00707F87 /* Extension */,
				1836D369252AE2DC00707F87 /* MultiPrograming */,
				1836D336252AD9E700707F87 /* AppDelegate.swift */,
				1836D338252AD9E700707F87 /* SceneDelegate.swift */,
				1836D33A252AD9E700707F87 /* ViewController.swift */,
				1836D33C252AD9E700707F87 /* Main.storyboard */,
				1836D342252AD9E800707F87 /* Assets.xcassets */,
				1836D344252AD9E800707F87 /* LaunchScreen.storyboard */,
				1836D347252AD9E800707F87 /* Info.plist */,
				1836D33F252AD9E700707F87 /* ios_playground.xcdatamodeld */,
			);
			path = "ios-playground";
			sourceTree = "<group>";
		};
		1836D34F252AD9E900707F87 /* ios-playgroundTests */ = {
			isa = PBXGroup;
			children = (
				1836D350252AD9E900707F87 /* ios_playgroundTests.swift */,
				1836D352252AD9E900707F87 /* Info.plist */,
			);
			path = "ios-playgroundTests";
			sourceTree = "<group>";
		};
		1836D35A252AD9E900707F87 /* ios-playgroundUITests */ = {
			isa = PBXGroup;
			children = (
				1836D35B252AD9E900707F87 /* ios_playgroundUITests.swift */,
				1836D35D252AD9E900707F87 /* Info.plist */,
			);
			path = "ios-playgroundUITests";
			sourceTree = "<group>";
		};
		1836D369252AE2DC00707F87 /* MultiPrograming */ = {
			isa = PBXGroup;
			children = (
				1836D36A252AE2F700707F87 /* GCD.swift */,
				1836D36F252B192800707F87 /* DispatchGroup.swift */,
			);
			path = MultiPrograming;
			sourceTree = "<group>";
		};
		1836D36C252B00BC00707F87 /* Extension */ = {
			isa = PBXGroup;
			children = (
				1836D36D252B00CB00707F87 /* UIImage+Extension.swift */,
			);
			path = Extension;
			sourceTree = "<group>";
		};
		1836D371252C0EEE00707F87 /* Presentation */ = {
			isa = PBXGroup;
			children = (
				1836D379252C39B200707F87 /* Mypage */,
				1836D378252C39A700707F87 /* Ranking */,
				1836D375252C192600707F87 /* Search */,
				1836D386252C467000707F87 /* MainTabBarController.swift */,
			);
			path = Presentation;
			sourceTree = "<group>";
		};
		1836D372252C0EF600707F87 /* ServiceList */ = {
			isa = PBXGroup;
			children = (
				1836D373252C0F2500707F87 /* ServiceListViewController.swift */,
			);
			path = ServiceList;
			sourceTree = "<group>";
		};
		1836D375252C192600707F87 /* Search */ = {
			isa = PBXGroup;
			children = (
				1836D372252C0EF600707F87 /* ServiceList */,
				1836D376252C193700707F87 /* SearchViewController.swift */,
			);
			path = Search;
			sourceTree = "<group>";
		};
		1836D378252C39A700707F87 /* Ranking */ = {
			isa = PBXGroup;
			children = (
				1836D38A252C536B00707F87 /* Main */,
				1836D388252C535E00707F87 /* RankingNavigationController.swift */,
			);
			path = Ranking;
			sourceTree = "<group>";
		};
		1836D379252C39B200707F87 /* Mypage */ = {
			isa = PBXGroup;
			children = (
				1836D38D252C558200707F87 /* Main */,
				1836D38B252C557A00707F87 /* MyPageNavigationController.swift */,
			);
			path = Mypage;
			sourceTree = "<group>";
		};
		1836D38A252C536B00707F87 /* Main */ = {
			isa = PBXGroup;
			children = (
				1836D38E252C652E00707F87 /* RankingItemCell */,
				1836D37E252C3A6800707F87 /* RankingViewController.swift */,
				1836D384252C40DF00707F87 /* RankingViewController.storyboard */,
			);
			path = Main;
			sourceTree = "<group>";
		};
		1836D38D252C558200707F87 /* Main */ = {
			isa = PBXGroup;
			children = (
				1836D37A252C39C500707F87 /* MypageViewController.swift */,
				1836D382252C3F1C00707F87 /* MypageViewController.storyboard */,
			);
			path = Main;
			sourceTree = "<group>";
		};
		1836D38E252C652E00707F87 /* RankingItemCell */ = {
			isa = PBXGroup;
			children = (
				1836D38F252C655300707F87 /* RankingTableViewCell.swift */,
				1836D390252C655300707F87 /* RankingTableViewCell.xib */,
			);
			path = RankingItemCell;
			sourceTree = "<group>";
		};
/* End PBXGroup section */

/* Begin PBXNativeTarget section */
		1836D332252AD9E700707F87 /* ios-playground */ = {
			isa = PBXNativeTarget;
			buildConfigurationList = 1836D360252AD9E900707F87 /* Build configuration list for PBXNativeTarget "ios-playground" */;
			buildPhases = (
				1836D32F252AD9E700707F87 /* Sources */,
				1836D330252AD9E700707F87 /* Frameworks */,
				1836D331252AD9E700707F87 /* Resources */,
			);
			buildRules = (
			);
			dependencies = (
			);
			name = "ios-playground";
			productName = "ios-playground";
			productReference = 1836D333252AD9E700707F87 /* ios-playground.app */;
			productType = "com.apple.product-type.application";
		};
		1836D34B252AD9E800707F87 /* ios-playgroundTests */ = {
			isa = PBXNativeTarget;
			buildConfigurationList = 1836D363252AD9E900707F87 /* Build configuration list for PBXNativeTarget "ios-playgroundTests" */;
			buildPhases = (
				1836D348252AD9E800707F87 /* Sources */,
				1836D349252AD9E800707F87 /* Frameworks */,
				1836D34A252AD9E800707F87 /* Resources */,
			);
			buildRules = (
			);
			dependencies = (
				1836D34E252AD9E900707F87 /* PBXTargetDependency */,
			);
			name = "ios-playgroundTests";
			productName = "ios-playgroundTests";
			productReference = 1836D34C252AD9E800707F87 /* ios-playgroundTests.xctest */;
			productType = "com.apple.product-type.bundle.unit-test";
		};
		1836D356252AD9E900707F87 /* ios-playgroundUITests */ = {
			isa = PBXNativeTarget;
			buildConfigurationList = 1836D366252AD9E900707F87 /* Build configuration list for PBXNativeTarget "ios-playgroundUITests" */;
			buildPhases = (
				1836D353252AD9E900707F87 /* Sources */,
				1836D354252AD9E900707F87 /* Frameworks */,
				1836D355252AD9E900707F87 /* Resources */,
			);
			buildRules = (
			);
			dependencies = (
				1836D359252AD9E900707F87 /* PBXTargetDependency */,
			);
			name = "ios-playgroundUITests";
			productName = "ios-playgroundUITests";
			productReference = 1836D357252AD9E900707F87 /* ios-playgroundUITests.xctest */;
			productType = "com.apple.product-type.bundle.ui-testing";
		};
/* End PBXNativeTarget section */

/* Begin PBXProject section */
		1836D32B252AD9E700707F87 /* Project object */ = {
			isa = PBXProject;
			attributes = {
				LastSwiftUpdateCheck = 1130;
				LastUpgradeCheck = 1130;
				ORGANIZATIONNAME = jooyoung;
				TargetAttributes = {
					1836D332252AD9E700707F87 = {
						CreatedOnToolsVersion = 11.3.1;
					};
					1836D34B252AD9E800707F87 = {
						CreatedOnToolsVersion = 11.3.1;
						TestTargetID = 1836D332252AD9E700707F87;
					};
					1836D356252AD9E900707F87 = {
						CreatedOnToolsVersion = 11.3.1;
						TestTargetID = 1836D332252AD9E700707F87;
					};
				};
			};
			buildConfigurationList = 1836D32E252AD9E700707F87 /* Build configuration list for PBXProject "ios-playground" */;
			compatibilityVersion = "Xcode 9.3";
			developmentRegion = en;
			hasScannedForEncodings = 0;
			knownRegions = (
				en,
				Base,
			);
			mainGroup = 1836D32A252AD9E700707F87;
			productRefGroup = 1836D334252AD9E700707F87 /* Products */;
			projectDirPath = "";
			projectRoot = "";
			targets = (
				1836D332252AD9E700707F87 /* ios-playground */,
				1836D34B252AD9E800707F87 /* ios-playgroundTests */,
				1836D356252AD9E900707F87 /* ios-playgroundUITests */,
			);
		};
/* End PBXProject section */

/* Begin PBXResourcesBuildPhase section */
		1836D331252AD9E700707F87 /* Resources */ = {
			isa = PBXResourcesBuildPhase;
			buildActionMask = 2147483647;
			files = (
				1836D385252C40DF00707F87 /* RankingViewController.storyboard in Resources */,
				1836D346252AD9E800707F87 /* LaunchScreen.storyboard in Resources */,
				1836D343252AD9E800707F87 /* Assets.xcassets in Resources */,
				1836D33E252AD9E700707F87 /* Main.storyboard in Resources */,
				1836D392252C655300707F87 /* RankingTableViewCell.xib in Resources */,
				1836D383252C3F1C00707F87 /* MypageViewController.storyboard in Resources */,
			);
			runOnlyForDeploymentPostprocessing = 0;
		};
		1836D34A252AD9E800707F87 /* Resources */ = {
			isa = PBXResourcesBuildPhase;
			buildActionMask = 2147483647;
			files = (
			);
			runOnlyForDeploymentPostprocessing = 0;
		};
		1836D355252AD9E900707F87 /* Resources */ = {
			isa = PBXResourcesBuildPhase;
			buildActionMask = 2147483647;
			files = (
			);
			runOnlyForDeploymentPostprocessing = 0;
		};
/* End PBXResourcesBuildPhase section */

/* Begin PBXSourcesBuildPhase section */
		1836D32F252AD9E700707F87 /* Sources */ = {
			isa = PBXSourcesBuildPhase;
			buildActionMask = 2147483647;
			files = (
				1836D38C252C557A00707F87 /* MyPageNavigationController.swift in Sources */,
				1836D389252C535E00707F87 /* RankingNavigationController.swift in Sources */,
				1836D36B252AE2F700707F87 /* GCD.swift in Sources */,
				1836D33B252AD9E700707F87 /* ViewController.swift in Sources */,
				1836D337252AD9E700707F87 /* AppDelegate.swift in Sources */,
				1836D387252C467000707F87 /* MainTabBarController.swift in Sources */,
				1836D377252C193700707F87 /* SearchViewController.swift in Sources */,
				1836D370252B192800707F87 /* DispatchGroup.swift in Sources */,
				1836D37C252C39C500707F87 /* MypageViewController.swift in Sources */,
				1836D36E252B00CB00707F87 /* UIImage+Extension.swift in Sources */,
				1836D341252AD9E700707F87 /* ios_playground.xcdatamodeld in Sources */,
				1836D374252C0F2500707F87 /* ServiceListViewController.swift in Sources */,
				1836D339252AD9E700707F87 /* SceneDelegate.swift in Sources */,
				1836D380252C3A6800707F87 /* RankingViewController.swift in Sources */,
				1836D391252C655300707F87 /* RankingTableViewCell.swift in Sources */,
			);
			runOnlyForDeploymentPostprocessing = 0;
		};
		1836D348252AD9E800707F87 /* Sources */ = {
			isa = PBXSourcesBuildPhase;
			buildActionMask = 2147483647;
			files = (
				1836D351252AD9E900707F87 /* ios_playgroundTests.swift in Sources */,
			);
			runOnlyForDeploymentPostprocessing = 0;
		};
		1836D353252AD9E900707F87 /* Sources */ = {
			isa = PBXSourcesBuildPhase;
			buildActionMask = 2147483647;
			files = (
				1836D35C252AD9E900707F87 /* ios_playgroundUITests.swift in Sources */,
			);
			runOnlyForDeploymentPostprocessing = 0;
		};
/* End PBXSourcesBuildPhase section */

/* Begin PBXTargetDependency section */
		1836D34E252AD9E900707F87 /* PBXTargetDependency */ = {
			isa = PBXTargetDependency;
			target = 1836D332252AD9E700707F87 /* ios-playground */;
			targetProxy = 1836D34D252AD9E900707F87 /* PBXContainerItemProxy */;
		};
		1836D359252AD9E900707F87 /* PBXTargetDependency */ = {
			isa = PBXTargetDependency;
			target = 1836D332252AD9E700707F87 /* ios-playground */;
			targetProxy = 1836D358252AD9E900707F87 /* PBXContainerItemProxy */;
		};
/* End PBXTargetDependency section */

/* Begin PBXVariantGroup section */
		1836D33C252AD9E700707F87 /* Main.storyboard */ = {
			isa = PBXVariantGroup;
			children = (
				1836D33D252AD9E700707F87 /* Base */,
			);
			name = Main.storyboard;
			sourceTree = "<group>";
		};
		1836D344252AD9E800707F87 /* LaunchScreen.storyboard */ = {
			isa = PBXVariantGroup;
			children = (
				1836D345252AD9E800707F87 /* Base */,
			);
			name = LaunchScreen.storyboard;
			sourceTree = "<group>";
		};
/* End PBXVariantGroup section */

/* Begin XCBuildConfiguration section */
		1836D35E252AD9E900707F87 /* Debug */ = {
			isa = XCBuildConfiguration;
			buildSettings = {
				ALWAYS_SEARCH_USER_PATHS = NO;
				CLANG_ANALYZER_NONNULL = YES;
				CLANG_ANALYZER_NUMBER_OBJECT_CONVERSION = YES_AGGRESSIVE;
				CLANG_CXX_LANGUAGE_STANDARD = "gnu++14";
				CLANG_CXX_LIBRARY = "libc++";
				CLANG_ENABLE_MODULES = YES;
				CLANG_ENABLE_OBJC_ARC = YES;
				CLANG_ENABLE_OBJC_WEAK = YES;
				CLANG_WARN_BLOCK_CAPTURE_AUTORELEASING = YES;
				CLANG_WARN_BOOL_CONVERSION = YES;
				CLANG_WARN_COMMA = YES;
				CLANG_WARN_CONSTANT_CONVERSION = YES;
				CLANG_WARN_DEPRECATED_OBJC_IMPLEMENTATIONS = YES;
				CLANG_WARN_DIRECT_OBJC_ISA_USAGE = YES_ERROR;
				CLANG_WARN_DOCUMENTATION_COMMENTS = YES;
				CLANG_WARN_EMPTY_BODY = YES;
				CLANG_WARN_ENUM_CONVERSION = YES;
				CLANG_WARN_INFINITE_RECURSION = YES;
				CLANG_WARN_INT_CONVERSION = YES;
				CLANG_WARN_NON_LITERAL_NULL_CONVERSION = YES;
				CLANG_WARN_OBJC_IMPLICIT_RETAIN_SELF = YES;
				CLANG_WARN_OBJC_LITERAL_CONVERSION = YES;
				CLANG_WARN_OBJC_ROOT_CLASS = YES_ERROR;
				CLANG_WARN_RANGE_LOOP_ANALYSIS = YES;
				CLANG_WARN_STRICT_PROTOTYPES = YES;
				CLANG_WARN_SUSPICIOUS_MOVE = YES;
				CLANG_WARN_UNGUARDED_AVAILABILITY = YES_AGGRESSIVE;
				CLANG_WARN_UNREACHABLE_CODE = YES;
				CLANG_WARN__DUPLICATE_METHOD_MATCH = YES;
				COPY_PHASE_STRIP = NO;
				DEBUG_INFORMATION_FORMAT = dwarf;
				ENABLE_STRICT_OBJC_MSGSEND = YES;
				ENABLE_TESTABILITY = YES;
				GCC_C_LANGUAGE_STANDARD = gnu11;
				GCC_DYNAMIC_NO_PIC = NO;
				GCC_NO_COMMON_BLOCKS = YES;
				GCC_OPTIMIZATION_LEVEL = 0;
				GCC_PREPROCESSOR_DEFINITIONS = (
					"DEBUG=1",
					"$(inherited)",
				);
				GCC_WARN_64_TO_32_BIT_CONVERSION = YES;
				GCC_WARN_ABOUT_RETURN_TYPE = YES_ERROR;
				GCC_WARN_UNDECLARED_SELECTOR = YES;
				GCC_WARN_UNINITIALIZED_AUTOS = YES_AGGRESSIVE;
				GCC_WARN_UNUSED_FUNCTION = YES;
				GCC_WARN_UNUSED_VARIABLE = YES;
				IPHONEOS_DEPLOYMENT_TARGET = 13.2;
				MTL_ENABLE_DEBUG_INFO = INCLUDE_SOURCE;
				MTL_FAST_MATH = YES;
				ONLY_ACTIVE_ARCH = YES;
				SDKROOT = iphoneos;
				SWIFT_ACTIVE_COMPILATION_CONDITIONS = DEBUG;
				SWIFT_OPTIMIZATION_LEVEL = "-Onone";
			};
			name = Debug;
		};
		1836D35F252AD9E900707F87 /* Release */ = {
			isa = XCBuildConfiguration;
			buildSettings = {
				ALWAYS_SEARCH_USER_PATHS = NO;
				CLANG_ANALYZER_NONNULL = YES;
				CLANG_ANALYZER_NUMBER_OBJECT_CONVERSION = YES_AGGRESSIVE;
				CLANG_CXX_LANGUAGE_STANDARD = "gnu++14";
				CLANG_CXX_LIBRARY = "libc++";
				CLANG_ENABLE_MODULES = YES;
				CLANG_ENABLE_OBJC_ARC = YES;
				CLANG_ENABLE_OBJC_WEAK = YES;
				CLANG_WARN_BLOCK_CAPTURE_AUTORELEASING = YES;
				CLANG_WARN_BOOL_CONVERSION = YES;
				CLANG_WARN_COMMA = YES;
				CLANG_WARN_CONSTANT_CONVERSION = YES;
				CLANG_WARN_DEPRECATED_OBJC_IMPLEMENTATIONS = YES;
				CLANG_WARN_DIRECT_OBJC_ISA_USAGE = YES_ERROR;
				CLANG_WARN_DOCUMENTATION_COMMENTS = YES;
				CLANG_WARN_EMPTY_BODY = YES;
				CLANG_WARN_ENUM_CONVERSION = YES;
				CLANG_WARN_INFINITE_RECURSION = YES;
				CLANG_WARN_INT_CONVERSION = YES;
				CLANG_WARN_NON_LITERAL_NULL_CONVERSION = YES;
				CLANG_WARN_OBJC_IMPLICIT_RETAIN_SELF = YES;
				CLANG_WARN_OBJC_LITERAL_CONVERSION = YES;
				CLANG_WARN_OBJC_ROOT_CLASS = YES_ERROR;
				CLANG_WARN_RANGE_LOOP_ANALYSIS = YES;
				CLANG_WARN_STRICT_PROTOTYPES = YES;
				CLANG_WARN_SUSPICIOUS_MOVE = YES;
				CLANG_WARN_UNGUARDED_AVAILABILITY = YES_AGGRESSIVE;
				CLANG_WARN_UNREACHABLE_CODE = YES;
				CLANG_WARN__DUPLICATE_METHOD_MATCH = YES;
				COPY_PHASE_STRIP = NO;
				DEBUG_INFORMATION_FORMAT = "dwarf-with-dsym";
				ENABLE_NS_ASSERTIONS = NO;
				ENABLE_STRICT_OBJC_MSGSEND = YES;
				GCC_C_LANGUAGE_STANDARD = gnu11;
				GCC_NO_COMMON_BLOCKS = YES;
				GCC_WARN_64_TO_32_BIT_CONVERSION = YES;
				GCC_WARN_ABOUT_RETURN_TYPE = YES_ERROR;
				GCC_WARN_UNDECLARED_SELECTOR = YES;
				GCC_WARN_UNINITIALIZED_AUTOS = YES_AGGRESSIVE;
				GCC_WARN_UNUSED_FUNCTION = YES;
				GCC_WARN_UNUSED_VARIABLE = YES;
				IPHONEOS_DEPLOYMENT_TARGET = 13.2;
				MTL_ENABLE_DEBUG_INFO = NO;
				MTL_FAST_MATH = YES;
				SDKROOT = iphoneos;
				SWIFT_COMPILATION_MODE = wholemodule;
				SWIFT_OPTIMIZATION_LEVEL = "-O";
				VALIDATE_PRODUCT = YES;
			};
			name = Release;
		};
		1836D361252AD9E900707F87 /* Debug */ = {
			isa = XCBuildConfiguration;
			buildSettings = {
				ASSETCATALOG_COMPILER_APPICON_NAME = AppIcon;
				CODE_SIGN_STYLE = Automatic;
				DEVELOPMENT_TEAM = PK4T6845AK;
				INFOPLIST_FILE = "ios-playground/Info.plist";
				LD_RUNPATH_SEARCH_PATHS = (
					"$(inherited)",
					"@executable_path/Frameworks",
				);
				PRODUCT_BUNDLE_IDENTIFIER = "com.github.ios-playground";
				PRODUCT_NAME = "$(TARGET_NAME)";
				SWIFT_VERSION = 5.0;
				TARGETED_DEVICE_FAMILY = "1,2";
			};
			name = Debug;
		};
		1836D362252AD9E900707F87 /* Release */ = {
			isa = XCBuildConfiguration;
			buildSettings = {
				ASSETCATALOG_COMPILER_APPICON_NAME = AppIcon;
				CODE_SIGN_STYLE = Automatic;
				DEVELOPMENT_TEAM = PK4T6845AK;
				INFOPLIST_FILE = "ios-playground/Info.plist";
				LD_RUNPATH_SEARCH_PATHS = (
					"$(inherited)",
					"@executable_path/Frameworks",
				);
				PRODUCT_BUNDLE_IDENTIFIER = "com.github.ios-playground";
				PRODUCT_NAME = "$(TARGET_NAME)";
				SWIFT_VERSION = 5.0;
				TARGETED_DEVICE_FAMILY = "1,2";
			};
			name = Release;
		};
		1836D364252AD9E900707F87 /* Debug */ = {
			isa = XCBuildConfiguration;
			buildSettings = {
				ALWAYS_EMBED_SWIFT_STANDARD_LIBRARIES = YES;
				BUNDLE_LOADER = "$(TEST_HOST)";
				CODE_SIGN_STYLE = Automatic;
				DEVELOPMENT_TEAM = PK4T6845AK;
				INFOPLIST_FILE = "ios-playgroundTests/Info.plist";
				IPHONEOS_DEPLOYMENT_TARGET = 13.2;
				LD_RUNPATH_SEARCH_PATHS = (
					"$(inherited)",
					"@executable_path/Frameworks",
					"@loader_path/Frameworks",
				);
				PRODUCT_BUNDLE_IDENTIFIER = "com.github.ios-playgroundTests";
				PRODUCT_NAME = "$(TARGET_NAME)";
				SWIFT_VERSION = 5.0;
				TARGETED_DEVICE_FAMILY = "1,2";
				TEST_HOST = "$(BUILT_PRODUCTS_DIR)/ios-playground.app/ios-playground";
			};
			name = Debug;
		};
		1836D365252AD9E900707F87 /* Release */ = {
			isa = XCBuildConfiguration;
			buildSettings = {
				ALWAYS_EMBED_SWIFT_STANDARD_LIBRARIES = YES;
				BUNDLE_LOADER = "$(TEST_HOST)";
				CODE_SIGN_STYLE = Automatic;
				DEVELOPMENT_TEAM = PK4T6845AK;
				INFOPLIST_FILE = "ios-playgroundTests/Info.plist";
				IPHONEOS_DEPLOYMENT_TARGET = 13.2;
				LD_RUNPATH_SEARCH_PATHS = (
					"$(inherited)",
					"@executable_path/Frameworks",
					"@loader_path/Frameworks",
				);
				PRODUCT_BUNDLE_IDENTIFIER = "com.github.ios-playgroundTests";
				PRODUCT_NAME = "$(TARGET_NAME)";
				SWIFT_VERSION = 5.0;
				TARGETED_DEVICE_FAMILY = "1,2";
				TEST_HOST = "$(BUILT_PRODUCTS_DIR)/ios-playground.app/ios-playground";
			};
			name = Release;
		};
		1836D367252AD9E900707F87 /* Debug */ = {
			isa = XCBuildConfiguration;
			buildSettings = {
				ALWAYS_EMBED_SWIFT_STANDARD_LIBRARIES = YES;
				CODE_SIGN_STYLE = Automatic;
				DEVELOPMENT_TEAM = PK4T6845AK;
				INFOPLIST_FILE = "ios-playgroundUITests/Info.plist";
				LD_RUNPATH_SEARCH_PATHS = (
					"$(inherited)",
					"@executable_path/Frameworks",
					"@loader_path/Frameworks",
				);
				PRODUCT_BUNDLE_IDENTIFIER = "com.github.ios-playgroundUITests";
				PRODUCT_NAME = "$(TARGET_NAME)";
				SWIFT_VERSION = 5.0;
				TARGETED_DEVICE_FAMILY = "1,2";
				TEST_TARGET_NAME = "ios-playground";
			};
			name = Debug;
		};
		1836D368252AD9E900707F87 /* Release */ = {
			isa = XCBuildConfiguration;
			buildSettings = {
				ALWAYS_EMBED_SWIFT_STANDARD_LIBRARIES = YES;
				CODE_SIGN_STYLE = Automatic;
				DEVELOPMENT_TEAM = PK4T6845AK;
				INFOPLIST_FILE = "ios-playgroundUITests/Info.plist";
				LD_RUNPATH_SEARCH_PATHS = (
					"$(inherited)",
					"@executable_path/Frameworks",
					"@loader_path/Frameworks",
				);
				PRODUCT_BUNDLE_IDENTIFIER = "com.github.ios-playgroundUITests";
				PRODUCT_NAME = "$(TARGET_NAME)";
				SWIFT_VERSION = 5.0;
				TARGETED_DEVICE_FAMILY = "1,2";
				TEST_TARGET_NAME = "ios-playground";
			};
			name = Release;
		};
/* End XCBuildConfiguration section */

/* Begin XCConfigurationList section */
		1836D32E252AD9E700707F87 /* Build configuration list for PBXProject "ios-playground" */ = {
			isa = XCConfigurationList;
			buildConfigurations = (
				1836D35E252AD9E900707F87 /* Debug */,
				1836D35F252AD9E900707F87 /* Release */,
			);
			defaultConfigurationIsVisible = 0;
			defaultConfigurationName = Release;
		};
		1836D360252AD9E900707F87 /* Build configuration list for PBXNativeTarget "ios-playground" */ = {
			isa = XCConfigurationList;
			buildConfigurations = (
				1836D361252AD9E900707F87 /* Debug */,
				1836D362252AD9E900707F87 /* Release */,
			);
			defaultConfigurationIsVisible = 0;
			defaultConfigurationName = Release;
		};
		1836D363252AD9E900707F87 /* Build configuration list for PBXNativeTarget "ios-playgroundTests" */ = {
			isa = XCConfigurationList;
			buildConfigurations = (
				1836D364252AD9E900707F87 /* Debug */,
				1836D365252AD9E900707F87 /* Release */,
			);
			defaultConfigurationIsVisible = 0;
			defaultConfigurationName = Release;
		};
		1836D366252AD9E900707F87 /* Build configuration list for PBXNativeTarget "ios-playgroundUITests" */ = {
			isa = XCConfigurationList;
			buildConfigurations = (
				1836D367252AD9E900707F87 /* Debug */,
				1836D368252AD9E900707F87 /* Release */,
			);
			defaultConfigurationIsVisible = 0;
			defaultConfigurationName = Release;
		};
/* End XCConfigurationList section */

/* Begin XCVersionGroup section */
		1836D33F252AD9E700707F87 /* ios_playground.xcdatamodeld */ = {
			isa = XCVersionGroup;
			children = (
				1836D340252AD9E700707F87 /* ios_playground.xcdatamodel */,
			);
			currentVersion = 1836D340252AD9E700707F87 /* ios_playground.xcdatamodel */;
			path = ios_playground.xcdatamodeld;
			sourceTree = "<group>";
			versionGroupType = wrapper.xcdatamodel;
		};
/* End XCVersionGroup section */
	};
	rootObject = 1836D32B252AD9E700707F87 /* Project object */;
}
